
Microsoft Visual Studio Solution File, Format Version 12.00
# Visual Studio 14
VisualStudioVersion = 14.0.25420.1
MinimumVisualStudioVersion = 10.0.40219.1
Project("{FAE04EC0-301F-11D3-BF4B-00C04F79EFBC}") = "Nanobank.API", "Nanobank.API\Nanobank.API.csproj", "{6B17402B-0552-4220-94EB-F2801C1E342E}"
EndProject
Project("{E24C65DC-7377-472B-9ABA-BC803B73C61A}") = "Nanobank.Web(1)", "Nanobank.Web\", "{98D7A966-B39F-479F-AEC8-3221BAB110FA}"
	ProjectSection(WebsiteProperties) = preProject
		TargetFrameworkMoniker = ".NETFramework,Version%3Dv4.0"
		Debug.AspNetCompiler.VirtualPath = "/localhost_23614"
		Debug.AspNetCompiler.PhysicalPath = "Nanobank.Web\"
		Debug.AspNetCompiler.TargetPath = "PrecompiledWeb\localhost_23614\"
		Debug.AspNetCompiler.Updateable = "true"
		Debug.AspNetCompiler.ForceOverwrite = "true"
		Debug.AspNetCompiler.FixedNames = "false"
		Debug.AspNetCompiler.Debug = "True"
		Release.AspNetCompiler.VirtualPath = "/localhost_23614"
		Release.AspNetCompiler.PhysicalPath = "Nanobank.Web\"
		Release.AspNetCompiler.TargetPath = "PrecompiledWeb\localhost_23614\"
		Release.AspNetCompiler.Updateable = "true"
		Release.AspNetCompiler.ForceOverwrite = "true"
		Release.AspNetCompiler.FixedNames = "false"
		Release.AspNetCompiler.Debug = "False"
		VWDPort = "23614"
		SlnRelativePath = "Nanobank.Web\"
	EndProjectSection
EndProject
Project("{E24C65DC-7377-472B-9ABA-BC803B73C61A}") = "Nanobank.Android", "Nanobank.Android\", "{09BA655B-0082-4E56-AC0E-ABBFBF9B560B}"
	ProjectSection(WebsiteProperties) = preProject
		TargetFrameworkMoniker = ".NETFramework,Version%3Dv4.0"
		Debug.AspNetCompiler.VirtualPath = "/localhost_27194"
		Debug.AspNetCompiler.PhysicalPath = "Nanobank.Android\"
		Debug.AspNetCompiler.TargetPath = "PrecompiledWeb\localhost_27194\"
		Debug.AspNetCompiler.Updateable = "true"
		Debug.AspNetCompiler.ForceOverwrite = "true"
		Debug.AspNetCompiler.FixedNames = "false"
		Debug.AspNetCompiler.Debug = "True"
		Release.AspNetCompiler.VirtualPath = "/localhost_27194"
		Release.AspNetCompiler.PhysicalPath = "Nanobank.Android\"
		Release.AspNetCompiler.TargetPath = "PrecompiledWeb\localhost_27194\"
		Release.AspNetCompiler.Updateable = "true"
		Release.AspNetCompiler.ForceOverwrite = "true"
		Release.AspNetCompiler.FixedNames = "false"
		Release.AspNetCompiler.Debug = "False"
		VWDPort = "27194"
		SlnRelativePath = "Nanobank.Android\"
	EndProjectSection
EndProject
Project("{FAE04EC0-301F-11D3-BF4B-00C04F79EFBC}") = "Nanobank.API.DAL", "Nanobank.API.DAL\Nanobank.API.DAL.csproj", "{AF69B911-6777-4C72-AB5C-92D6070B5A70}"
EndProject
Global
	GlobalSection(SolutionConfigurationPlatforms) = preSolution
		Debug|Any CPU = Debug|Any CPU
		Release|Any CPU = Release|Any CPU
	EndGlobalSection
	GlobalSection(ProjectConfigurationPlatforms) = postSolution
		{6B17402B-0552-4220-94EB-F2801C1E342E}.Debug|Any CPU.ActiveCfg = Debug|Any CPU
		{6B17402B-0552-4220-94EB-F2801C1E342E}.Debug|Any CPU.Build.0 = Debug|Any CPU
		{6B17402B-0552-4220-94EB-F2801C1E342E}.Release|Any CPU.ActiveCfg = Release|Any CPU
		{6B17402B-0552-4220-94EB-F2801C1E342E}.Release|Any CPU.Build.0 = Release|Any CPU
		{98D7A966-B39F-479F-AEC8-3221BAB110FA}.Debug|Any CPU.ActiveCfg = Debug|Any CPU
		{98D7A966-B39F-479F-AEC8-3221BAB110FA}.Release|Any CPU.ActiveCfg = Debug|Any CPU
		{98D7A966-B39F-479F-AEC8-3221BAB110FA}.Release|Any CPU.Build.0 = Debug|Any CPU
		{09BA655B-0082-4E56-AC0E-ABBFBF9B560B}.Debug|Any CPU.ActiveCfg = Debug|Any CPU
		{09BA655B-0082-4E56-AC0E-ABBFBF9B560B}.Release|Any CPU.ActiveCfg = Debug|Any CPU
		{09BA655B-0082-4E56-AC0E-ABBFBF9B560B}.Release|Any CPU.Build.0 = Debug|Any CPU
		{AF69B911-6777-4C72-AB5C-92D6070B5A70}.Debug|Any CPU.ActiveCfg = Debug|Any CPU
		{AF69B911-6777-4C72-AB5C-92D6070B5A70}.Debug|Any CPU.Build.0 = Debug|Any CPU
		{AF69B911-6777-4C72-AB5C-92D6070B5A70}.Release|Any CPU.ActiveCfg = Release|Any CPU
		{AF69B911-6777-4C72-AB5C-92D6070B5A70}.Release|Any CPU.Build.0 = Release|Any CPU
	EndGlobalSection
	GlobalSection(SolutionProperties) = preSolution
		HideSolutionNode = FALSE
	EndGlobalSection
EndGlobal
